
Microsoft Visual Studio Solution File, Format Version 12.00
# Visual Studio Version 16
VisualStudioVersion = 16.0.30804.86
MinimumVisualStudioVersion = 10.0.40219.1
Project("{9A19103F-16F7-4668-BE54-9A1E7A4F7556}") = "JourneyWebHost", "JourneyWebHost.csproj", "{834F75EB-DB88-437D-A291-76AAE5DAFAD4}"
EndProject
Project("{9A19103F-16F7-4668-BE54-9A1E7A4F7556}") = "JourneyManagerLamda", "..\JourneyManagerLamda\JourneyManagerLamda.csproj", "{E7393694-816F-44E4-92F1-D26273834235}"
EndProject
Project("{9A19103F-16F7-4668-BE54-9A1E7A4F7556}") = "NUnitTestProject", "..\NUnitTestProject\NUnitTestProject.csproj", "{7F9AF2CE-1EF2-4BE7-A30F-B4EA0F6F7E2C}"
EndProject
Project("{9A19103F-16F7-4668-BE54-9A1E7A4F7556}") = "JourneyTestLambda", "..\JourneyTestLambda\JourneyTestLambda.csproj", "{3C9409BB-1B20-439C-B201-760A223A4386}"
EndProject
Global
	GlobalSection(SolutionConfigurationPlatforms) = preSolution
		Debug|Any CPU = Debug|Any CPU
		Release|Any CPU = Release|Any CPU
	EndGlobalSection
	GlobalSection(ProjectConfigurationPlatforms) = postSolution
		{834F75EB-DB88-437D-A291-76AAE5DAFAD4}.Debug|Any CPU.ActiveCfg = Debug|Any CPU
		{834F75EB-DB88-437D-A291-76AAE5DAFAD4}.Debug|Any CPU.Build.0 = Debug|Any CPU
		{834F75EB-DB88-437D-A291-76AAE5DAFAD4}.Release|Any CPU.ActiveCfg = Release|Any CPU
		{834F75EB-DB88-437D-A291-76AAE5DAFAD4}.Release|Any CPU.Build.0 = Release|Any CPU
		{E7393694-816F-44E4-92F1-D26273834235}.Debug|Any CPU.ActiveCfg = Debug|Any CPU
		{E7393694-816F-44E4-92F1-D26273834235}.Debug|Any CPU.Build.0 = Debug|Any CPU
		{E7393694-816F-44E4-92F1-D26273834235}.Release|Any CPU.ActiveCfg = Release|Any CPU
		{E7393694-816F-44E4-92F1-D26273834235}.Release|Any CPU.Build.0 = Release|Any CPU
		{7F9AF2CE-1EF2-4BE7-A30F-B4EA0F6F7E2C}.Debug|Any CPU.ActiveCfg = Debug|Any CPU
		{7F9AF2CE-1EF2-4BE7-A30F-B4EA0F6F7E2C}.Debug|Any CPU.Build.0 = Debug|Any CPU
		{7F9AF2CE-1EF2-4BE7-A30F-B4EA0F6F7E2C}.Release|Any CPU.ActiveCfg = Release|Any CPU
		{7F9AF2CE-1EF2-4BE7-A30F-B4EA0F6F7E2C}.Release|Any CPU.Build.0 = Release|Any CPU
		{3C9409BB-1B20-439C-B201-760A223A4386}.Debug|Any CPU.ActiveCfg = Debug|Any CPU
		{3C9409BB-1B20-439C-B201-760A223A4386}.Debug|Any CPU.Build.0 = Debug|Any CPU
		{3C9409BB-1B20-439C-B201-760A223A4386}.Release|Any CPU.ActiveCfg = Release|Any CPU
		{3C9409BB-1B20-439C-B201-760A223A4386}.Release|Any CPU.Build.0 = Release|Any CPU
	EndGlobalSection
	GlobalSection(SolutionProperties) = preSolution
		HideSolutionNode = FALSE
	EndGlobalSection
	GlobalSection(ExtensibilityGlobals) = postSolution
		SolutionGuid = {72FA3FB6-791E-4135-A8A0-C8587B87B1BF}
	EndGlobalSection
EndGlobal
